// !$*UTF8*$!
{
	archiveVersion = 1;
	classes = {
	};
	objectVersion = 50;
	objects = {

/* Begin PBXBuildFile section */
		59E53CC524533D2700A6B55D /* AppDelegate.swift in Sources */ = {isa = PBXBuildFile; fileRef = 59E53CC424533D2700A6B55D /* AppDelegate.swift */; };
		59E53CC724533D2700A6B55D /* SceneDelegate.swift in Sources */ = {isa = PBXBuildFile; fileRef = 59E53CC624533D2700A6B55D /* SceneDelegate.swift */; };
		59E53CC924533D2700A6B55D /* ViewController.swift in Sources */ = {isa = PBXBuildFile; fileRef = 59E53CC824533D2700A6B55D /* ViewController.swift */; };
		59E53CCC24533D2700A6B55D /* Main.storyboard in Resources */ = {isa = PBXBuildFile; fileRef = 59E53CCA24533D2700A6B55D /* Main.storyboard */; };
		59E53CCE24533D2800A6B55D /* Assets.xcassets in Resources */ = {isa = PBXBuildFile; fileRef = 59E53CCD24533D2800A6B55D /* Assets.xcassets */; };
		59E53CD124533D2800A6B55D /* LaunchScreen.storyboard in Resources */ = {isa = PBXBuildFile; fileRef = 59E53CCF24533D2800A6B55D /* LaunchScreen.storyboard */; };
		59E53CDA2453402200A6B55D /* WebKit.framework in Frameworks */ = {isa = PBXBuildFile; fileRef = 59E53CD92453402200A6B55D /* WebKit.framework */; };
/* End PBXBuildFile section */

/* Begin PBXFileReference section */
		59E53CC124533D2700A6B55D /* ShakingNews.app */ = {isa = PBXFileReference; explicitFileType = wrapper.application; includeInIndex = 0; path = ShakingNews.app; sourceTree = BUILT_PRODUCTS_DIR; };
		59E53CC424533D2700A6B55D /* AppDelegate.swift */ = {isa = PBXFileReference; lastKnownFileType = sourcecode.swift; path = AppDelegate.swift; sourceTree = "<group>"; };
		59E53CC624533D2700A6B55D /* SceneDelegate.swift */ = {isa = PBXFileReference; lastKnownFileType = sourcecode.swift; path = SceneDelegate.swift; sourceTree = "<group>"; };
		59E53CC824533D2700A6B55D /* ViewController.swift */ = {isa = PBXFileReference; lastKnownFileType = sourcecode.swift; path = ViewController.swift; sourceTree = "<group>"; };
		59E53CCB24533D2700A6B55D /* Base */ = {isa = PBXFileReference; lastKnownFileType = file.storyboard; name = Base; path = Base.lproj/Main.storyboard; sourceTree = "<group>"; };
		59E53CCD24533D2800A6B55D /* Assets.xcassets */ = {isa = PBXFileReference; lastKnownFileType = folder.assetcatalog; path = Assets.xcassets; sourceTree = "<group>"; };
		59E53CD024533D2800A6B55D /* Base */ = {isa = PBXFileReference; lastKnownFileType = file.storyboard; name = Base; path = Base.lproj/LaunchScreen.storyboard; sourceTree = "<group>"; };
		59E53CD224533D2800A6B55D /* Info.plist */ = {isa = PBXFileReference; lastKnownFileType = text.plist.xml; path = Info.plist; sourceTree = "<group>"; };
		59E53CD92453402200A6B55D /* WebKit.framework */ = {isa = PBXFileReference; lastKnownFileType = wrapper.framework; name = WebKit.framework; path = System/Library/Frameworks/WebKit.framework; sourceTree = SDKROOT; };
/* End PBXFileReference section */

/* Begin PBXFrameworksBuildPhase section */
		59E53CBE24533D2700A6B55D /* Frameworks */ = {
			isa = PBXFrameworksBuildPhase;
			buildActionMask = 2147483647;
			files = (
				59E53CDA2453402200A6B55D /* WebKit.framework in Frameworks */,
			);
			runOnlyForDeploymentPostprocessing = 0;
		};
/* End PBXFrameworksBuildPhase section */

/* Begin PBXGroup section */
		59E53CB824533D2700A6B55D = {
			isa = PBXGroup;
			children = (
				59E53CC324533D2700A6B55D /* ShakingNews */,
				59E53CC224533D2700A6B55D /* Products */,
				59E53CD82453402200A6B55D /* Frameworks */,
			);
			sourceTree = "<group>";
		};
		59E53CC224533D2700A6B55D /* Products */ = {
			isa = PBXGroup;
			children = (
				59E53CC124533D2700A6B55D /* ShakingNews.app */,
			);
			name = Products;
			sourceTree = "<group>";
		};
		59E53CC324533D2700A6B55D /* ShakingNews */ = {
			isa = PBXGroup;
			children = (
				59E53CC424533D2700A6B55D /* AppDelegate.swift */,
				59E53CC624533D2700A6B55D /* SceneDelegate.swift */,
				59E53CC824533D2700A6B55D /* ViewController.swift */,
				59E53CCA24533D2700A6B55D /* Main.storyboard */,
				59E53CCD24533D2800A6B55D /* Assets.xcassets */,
				59E53CCF24533D2800A6B55D /* LaunchScreen.storyboard */,
				59E53CD224533D2800A6B55D /* Info.plist */,
			);
			path = ShakingNews;
			sourceTree = "<group>";
		};
		59E53CD82453402200A6B55D /* Frameworks */ = {
			isa = PBXGroup;
			children = (
				59E53CD92453402200A6B55D /* WebKit.framework */,
			);
			name = Frameworks;
			sourceTree = "<group>";
		};
/* End PBXGroup section */

/* Begin PBXNativeTarget section */
		59E53CC024533D2700A6B55D /* ShakingNews */ = {
			isa = PBXNativeTarget;
			buildConfigurationList = 59E53CD524533D2800A6B55D /* Build configuration list for PBXNativeTarget "ShakingNews" */;
			buildPhases = (
				59E53CBD24533D2700A6B55D /* Sources */,
				59E53CBE24533D2700A6B55D /* Frameworks */,
				59E53CBF24533D2700A6B55D /* Resources */,
			);
			buildRules = (
			);
			dependencies = (
			);
			name = ShakingNews;
			productName = ShakingNews;
			productReference = 59E53CC124533D2700A6B55D /* ShakingNews.app */;
			productType = "com.apple.product-type.application";
		};
/* End PBXNativeTarget section */

/* Begin PBXProject section */
		59E53CB924533D2700A6B55D /* Project object */ = {
			isa = PBXProject;
			attributes = {
				LastSwiftUpdateCheck = 1140;
				LastUpgradeCheck = 1140;
				ORGANIZATIONNAME = "Rasmus Knoth Nielsen";
				TargetAttributes = {
					59E53CC024533D2700A6B55D = {
						CreatedOnToolsVersion = 11.4.1;
					};
				};
			};
			buildConfigurationList = 59E53CBC24533D2700A6B55D /* Build configuration list for PBXProject "ShakingNews" */;
			compatibilityVersion = "Xcode 9.3";
			developmentRegion = en;
			hasScannedForEncodings = 0;
			knownRegions = (
				en,
				Base,
			);
			mainGroup = 59E53CB824533D2700A6B55D;
			productRefGroup = 59E53CC224533D2700A6B55D /* Products */;
			projectDirPath = "";
			projectRoot = "";
			targets = (
				59E53CC024533D2700A6B55D /* ShakingNews */,
			);
		};
/* End PBXProject section */

/* Begin PBXResourcesBuildPhase section */
		59E53CBF24533D2700A6B55D /* Resources */ = {
			isa = PBXResourcesBuildPhase;
			buildActionMask = 2147483647;
			files = (
				59E53CD124533D2800A6B55D /* LaunchScreen.storyboard in Resources */,
				59E53CCE24533D2800A6B55D /* Assets.xcassets in Resources */,
				59E53CCC24533D2700A6B55D /* Main.storyboard in Resources */,
			);
			runOnlyForDeploymentPostprocessing = 0;
		};
/* End PBXResourcesBuildPhase section */

/* Begin PBXSourcesBuildPhase section */
		59E53CBD24533D2700A6B55D /* Sources */ = {
			isa = PBXSourcesBuildPhase;
			buildActionMask = 2147483647;
			files = (
				59E53CC924533D2700A6B55D /* ViewController.swift in Sources */,
				59E53CC524533D2700A6B55D /* AppDelegate.swift in Sources */,
				59E53CC724533D2700A6B55D /* SceneDelegate.swift in Sources */,
			);
			runOnlyForDeploymentPostprocessing = 0;
		};
/* End PBXSourcesBuildPhase section */

/* Begin PBXVariantGroup section */
		59E53CCA24533D2700A6B55D /* Main.storyboard */ = {
			isa = PBXVariantGroup;
			children = (
				59E53CCB24533D2700A6B55D /* Base */,
			);
			name = Main.storyboard;
			sourceTree = "<group>";
		};
		59E53CCF24533D2800A6B55D /* LaunchScreen.storyboard */ = {
			isa = PBXVariantGroup;
			children = (
				59E53CD024533D2800A6B55D /* Base */,
			);
			name = LaunchScreen.storyboard;
			sourceTree = "<group>";
		};
/* End PBXVariantGroup section */

/* Begin XCBuildConfiguration section */
		59E53CD324533D2800A6B55D /* Debug */ = {
			isa = XCBuildConfiguration;
			buildSettings = {
				ALWAYS_SEARCH_USER_PATHS = NO;
				CLANG_ANALYZER_NONNULL = YES;
				CLANG_ANALYZER_NUMBER_OBJECT_CONVERSION = YES_AGGRESSIVE;
				CLANG_CXX_LANGUAGE_STANDARD = "gnu++14";
				CLANG_CXX_LIBRARY = "libc++";
				CLANG_ENABLE_MODULES = YES;
				CLANG_ENABLE_OBJC_ARC = YES;
				CLANG_ENABLE_OBJC_WEAK = YES;
				CLANG_WARN_BLOCK_CAPTURE_AUTORELEASING = YES;
				CLANG_WARN_BOOL_CONVERSION = YES;
				CLANG_WARN_COMMA = YES;
				CLANG_WARN_CONSTANT_CONVERSION = YES;
				CLANG_WARN_DEPRECATED_OBJC_IMPLEMENTATIONS = YES;
				CLANG_WARN_DIRECT_OBJC_ISA_USAGE = YES_ERROR;
				CLANG_WARN_DOCUMENTATION_COMMENTS = YES;
				CLANG_WARN_EMPTY_BODY = YES;
				CLANG_WARN_ENUM_CONVERSION = YES;
				CLANG_WARN_INFINITE_RECURSION = YES;
				CLANG_WARN_INT_CONVERSION = YES;
				CLANG_WARN_NON_LITERAL_NULL_CONVERSION = YES;
				CLANG_WARN_OBJC_IMPLICIT_RETAIN_SELF = YES;
				CLANG_WARN_OBJC_LITERAL_CONVERSION = YES;
				CLANG_WARN_OBJC_ROOT_CLASS = YES_ERROR;
				CLANG_WARN_RANGE_LOOP_ANALYSIS = YES;
				CLANG_WARN_STRICT_PROTOTYPES = YES;
				CLANG_WARN_SUSPICIOUS_MOVE = YES;
				CLANG_WARN_UNGUARDED_AVAILABILITY = YES_AGGRESSIVE;
				CLANG_WARN_UNREACHABLE_CODE = YES;
				CLANG_WARN__DUPLICATE_METHOD_MATCH = YES;
				COPY_PHASE_STRIP = NO;
				DEBUG_INFORMATION_FORMAT = dwarf;
				ENABLE_STRICT_OBJC_MSGSEND = YES;
				ENABLE_TESTABILITY = YES;
				GCC_C_LANGUAGE_STANDARD = gnu11;
				GCC_DYNAMIC_NO_PIC = NO;
				GCC_NO_COMMON_BLOCKS = YES;
				GCC_OPTIMIZATION_LEVEL = 0;
				GCC_PREPROCESSOR_DEFINITIONS = (
					"DEBUG=1",
					"$(inherited)",
				);
				GCC_WARN_64_TO_32_BIT_CONVERSION = YES;
				GCC_WARN_ABOUT_RETURN_TYPE = YES_ERROR;
				GCC_WARN_UNDECLARED_SELECTOR = YES;
				GCC_WARN_UNINITIALIZED_AUTOS = YES_AGGRESSIVE;
				GCC_WARN_UNUSED_FUNCTION = YES;
				GCC_WARN_UNUSED_VARIABLE = YES;
				IPHONEOS_DEPLOYMENT_TARGET = 13.4;
				MTL_ENABLE_DEBUG_INFO = INCLUDE_SOURCE;
				MTL_FAST_MATH = YES;
				ONLY_ACTIVE_ARCH = YES;
				SDKROOT = iphoneos;
				SWIFT_ACTIVE_COMPILATION_CONDITIONS = DEBUG;
				SWIFT_OPTIMIZATION_LEVEL = "-Onone";
			};
			name = Debug;
		};
		59E53CD424533D2800A6B55D /* Release */ = {
			isa = XCBuildConfiguration;
			buildSettings = {
				ALWAYS_SEARCH_USER_PATHS = NO;
				CLANG_ANALYZER_NONNULL = YES;
				CLANG_ANALYZER_NUMBER_OBJECT_CONVERSION = YES_AGGRESSIVE;
				CLANG_CXX_LANGUAGE_STANDARD = "gnu++14";
				CLANG_CXX_LIBRARY = "libc++";
				CLANG_ENABLE_MODULES = YES;
				CLANG_ENABLE_OBJC_ARC = YES;
				CLANG_ENABLE_OBJC_WEAK = YES;
				CLANG_WARN_BLOCK_CAPTURE_AUTORELEASING = YES;
				CLANG_WARN_BOOL_CONVERSION = YES;
				CLANG_WARN_COMMA = YES;
				CLANG_WARN_CONSTANT_CONVERSION = YES;
				CLANG_WARN_DEPRECATED_OBJC_IMPLEMENTATIONS = YES;
				CLANG_WARN_DIRECT_OBJC_ISA_USAGE = YES_ERROR;
				CLANG_WARN_DOCUMENTATION_COMMENTS = YES;
				CLANG_WARN_EMPTY_BODY = YES;
				CLANG_WARN_ENUM_CONVERSION = YES;
				CLANG_WARN_INFINITE_RECURSION = YES;
				CLANG_WARN_INT_CONVERSION = YES;
				CLANG_WARN_NON_LITERAL_NULL_CONVERSION = YES;
				CLANG_WARN_OBJC_IMPLICIT_RETAIN_SELF = YES;
				CLANG_WARN_OBJC_LITERAL_CONVERSION = YES;
				CLANG_WARN_OBJC_ROOT_CLASS = YES_ERROR;
				CLANG_WARN_RANGE_LOOP_ANALYSIS = YES;
				CLANG_WARN_STRICT_PROTOTYPES = YES;
				CLANG_WARN_SUSPICIOUS_MOVE = YES;
				CLANG_WARN_UNGUARDED_AVAILABILITY = YES_AGGRESSIVE;
				CLANG_WARN_UNREACHABLE_CODE = YES;
				CLANG_WARN__DUPLICATE_METHOD_MATCH = YES;
				COPY_PHASE_STRIP = NO;
				DEBUG_INFORMATION_FORMAT = "dwarf-with-dsym";
				ENABLE_NS_ASSERTIONS = NO;
				ENABLE_STRICT_OBJC_MSGSEND = YES;
				GCC_C_LANGUAGE_STANDARD = gnu11;
				GCC_NO_COMMON_BLOCKS = YES;
				GCC_WARN_64_TO_32_BIT_CONVERSION = YES;
				GCC_WARN_ABOUT_RETURN_TYPE = YES_ERROR;
				GCC_WARN_UNDECLARED_SELECTOR = YES;
				GCC_WARN_UNINITIALIZED_AUTOS = YES_AGGRESSIVE;
				GCC_WARN_UNUSED_FUNCTION = YES;
				GCC_WARN_UNUSED_VARIABLE = YES;
				IPHONEOS_DEPLOYMENT_TARGET = 13.4;
				MTL_ENABLE_DEBUG_INFO = NO;
				MTL_FAST_MATH = YES;
				SDKROOT = iphoneos;
				SWIFT_COMPILATION_MODE = wholemodule;
				SWIFT_OPTIMIZATION_LEVEL = "-O";
				VALIDATE_PRODUCT = YES;
			};
			name = Release;
		};
		59E53CD624533D2800A6B55D /* Debug */ = {
			isa = XCBuildConfiguration;
			buildSettings = {
				ASSETCATALOG_COMPILER_APPICON_NAME = AppIcon;
				CODE_SIGN_STYLE = Automatic;
				DEVELOPMENT_TEAM = FUYR9P492P;
				INFOPLIST_FILE = ShakingNews/Info.plist;
				LD_RUNPATH_SEARCH_PATHS = (
					"$(inherited)",
					"@executable_path/Frameworks",
				);
				PRODUCT_BUNDLE_IDENTIFIER = com.rasmusknothnielsen.ShakingNews;
				PRODUCT_NAME = "$(TARGET_NAME)";
				SWIFT_VERSION = 5.0;
				TARGETED_DEVICE_FAMILY = "1,2";
			};
			name = Debug;
		};
		59E53CD724533D2800A6B55D /* Release */ = {
			isa = XCBuildConfiguration;
			buildSettings = {
				ASSETCATALOG_COMPILER_APPICON_NAME = AppIcon;
				CODE_SIGN_STYLE = Automatic;
				DEVELOPMENT_TEAM = FUYR9P492P;
				INFOPLIST_FILE = ShakingNews/Info.plist;
				LD_RUNPATH_SEARCH_PATHS = (
					"$(inherited)",
					"@executable_path/Frameworks",
				);
				PRODUCT_BUNDLE_IDENTIFIER = com.rasmusknothnielsen.ShakingNews;
				PRODUCT_NAME = "$(TARGET_NAME)";
				SWIFT_VERSION = 5.0;
				TARGETED_DEVICE_FAMILY = "1,2";
			};
			name = Release;
		};
/* End XCBuildConfiguration section */

/* Begin XCConfigurationList section */
		59E53CBC24533D2700A6B55D /* Build configuration list for PBXProject "ShakingNews" */ = {
			isa = XCConfigurationList;
			buildConfigurations = (
				59E53CD324533D2800A6B55D /* Debug */,
				59E53CD424533D2800A6B55D /* Release */,
			);
			defaultConfigurationIsVisible = 0;
			defaultConfigurationName = Release;
		};
		59E53CD524533D2800A6B55D /* Build configuration list for PBXNativeTarget "ShakingNews" */ = {
			isa = XCConfigurationList;
			buildConfigurations = (
				59E53CD624533D2800A6B55D /* Debug */,
				59E53CD724533D2800A6B55D /* Release */,
			);
			defaultConfigurationIsVisible = 0;
			defaultConfigurationName = Release;
		};
/* End XCConfigurationList section */
	};
	rootObject = 59E53CB924533D2700A6B55D /* Project object */;
}
